
Microsoft Visual Studio Solution File, Format Version 12.00
# Visual Studio 2015
Project("{FAE04EC0-301F-11D3-BF4B-00C04F79EFBC}") = "Medienprojekt2.0.CSharp", "Medienprojekt2.0.CSharp.csproj", "{0DAF6CF5-51F1-C4A7-EA63-294FC368558C}"
EndProject
Global
	GlobalSection(SolutionConfigurationPlatforms) = preSolution
		Debug|Any CPU = Debug|Any CPU
		Release|Any CPU = Release|Any CPU
	EndGlobalSection
	GlobalSection(ProjectConfigurationPlatforms) = postSolution
		{0DAF6CF5-51F1-C4A7-EA63-294FC368558C}.Debug|Any CPU.ActiveCfg = Debug|Any CPU
		{0DAF6CF5-51F1-C4A7-EA63-294FC368558C}.Debug|Any CPU.Build.0 = Debug|Any CPU
		{0DAF6CF5-51F1-C4A7-EA63-294FC368558C}.Release|Any CPU.ActiveCfg = Release|Any CPU
		{0DAF6CF5-51F1-C4A7-EA63-294FC368558C}.Release|Any CPU.Build.0 = Release|Any CPU
	EndGlobalSection
	GlobalSection(SolutionProperties) = preSolution
		HideSolutionNode = FALSE
	EndGlobalSection
EndGlobal
